
Microsoft Visual Studio Solution File, Format Version 12.00
# Visual Studio Version 17
VisualStudioVersion = 17.1.32210.238
MinimumVisualStudioVersion = 10.0.40219.1
Project("{FAE04EC0-301F-11D3-BF4B-00C04F79EFBC}") = "Main", "Main\Main.csproj", "{DAE22D3F-95D2-4981-B951-55AE07F535D3}"
EndProject
Global
	GlobalSection(SolutionConfigurationPlatforms) = preSolution
		Debug|Any CPU = Debug|Any CPU
		Release|Any CPU = Release|Any CPU
	EndGlobalSection
	GlobalSection(ProjectConfigurationPlatforms) = postSolution
		{DAE22D3F-95D2-4981-B951-55AE07F535D3}.Debug|Any CPU.ActiveCfg = Debug|Any CPU
		{DAE22D3F-95D2-4981-B951-55AE07F535D3}.Debug|Any CPU.Build.0 = Debug|Any CPU
		{DAE22D3F-95D2-4981-B951-55AE07F535D3}.Release|Any CPU.ActiveCfg = Release|Any CPU
		{DAE22D3F-95D2-4981-B951-55AE07F535D3}.Release|Any CPU.Build.0 = Release|Any CPU
	EndGlobalSection
	GlobalSection(SolutionProperties) = preSolution
		HideSolutionNode = FALSE
	EndGlobalSection
	GlobalSection(ExtensibilityGlobals) = postSolution
		SolutionGuid = {014C0542-E2D4-4AF2-802C-A4FEE567FCC0}
	EndGlobalSection
EndGlobal
